# THIS IS AN AUTOGENERATED FILE. DO NOT EDIT THIS FILE DIRECTLY.
# yarn lockfile v1


"@ungap/raw-json@0.4.4":
  version "0.4.4"
  resolved "https://registry.yarnpkg.com/@ungap/raw-json/-/raw-json-0.4.4.tgz#12c8bb0cb95eda115b7cee69e8961f50253b3e91"
  integrity sha512-mUDobz3DeEItDmI34Hg+eL9hTTJSZbIvsvGAr42YoK4IyS7SWKmF5Xa0pI8RWFZSijL8QmfvCNH3s8HYJNxKaw==

jwt-decode@^4.0.0:
  version "4.0.0"
  resolved "https://registry.yarnpkg.com/jwt-decode/-/jwt-decode-4.0.0.tgz#2270352425fd413785b2faf11f6e755c5151bd4b"
  integrity sha512-+KJGIyHgkGuIq3IEBNftfhW/LfWhXUIY6OmyVWjliu5KH1y0fw7VQ8YndE2O4qZdMSd9SqbnC8GOcZEy0Om7sA==

trailbase@^0.8.0:
  version "0.8.0"
  resolved "https://registry.yarnpkg.com/trailbase/-/trailbase-0.8.0.tgz#c2b27f4668f26c5daa859dd7b95667e2da9f7d77"
  integrity sha512-8lMmQJoQQtsjiy9GxEaJjR754kSAV+0iY7gnu4qhL52Ph7OnZWt1an0IB8A1IPuf3pmWUO/c+WpIF/Uwg7HehQ==
  dependencies:
    "@ungap/raw-json" "0.4.4"
    jwt-decode "^4.0.0"
    uuid "^13.0.0"

uuid@^13.0.0:
  version "13.0.0"
  resolved "https://registry.yarnpkg.com/uuid/-/uuid-13.0.0.tgz#263dc341b19b4d755eb8fe36b78d95a6b65707e8"
  integrity sha512-XQegIaBTVUjSHliKqcnFqYypAd4S+WCYt5NIeRs6w/UAry7z8Y9j5ZwRRL4kzq9U3sD6v+85er9FvkEaBpji2w==
